{
    "_meta": {
        "hash": {
            "sha256": "1e1fc5263d5fa9a9168e16ea21c8d36b3aaf8831c7a1e27d8c327d51762df409"
        },
        "pipfile-spec": 6,
        "requires": {
            "python_version": "3.6"
        },
        "sources": [
            {
                "name": "pypi",
                "url": "https://pypi.org/simple",
                "verify_ssl": true
            }
        ]
    },
    "default": {
        "atomicwrites": {
            "hashes": [
                "sha256:240831ea22da9ab882b551b31d4225591e5e447a68c5e188db5b89ca1d487585",
                "sha256:a24da68318b08ac9c9c45029f4a10371ab5b20e4226738e150e6e7c571630ae6"
            ],
            "version": "==1.1.5"
        },
        "attrs": {
            "hashes": [
                "sha256:4b90b09eeeb9b88c35bc642cbac057e45a5fd85367b985bd2809c62b7b939265",
                "sha256:e0d0eb91441a3b53dab4d9b743eafc1ac44476296a2053b6ca3af0b139faf87b"
            ],
            "version": "==18.1.0"
        },
        "behave": {
            "hashes": [
                "sha256:b9662327aa53294c1351b0a9c369093ccec1d21026f050c3bd9b3e5cccf81a86",
                "sha256:ebda1a6c9e5bfe95c5f9f0a2794e01c7098b3dde86c10a95d8621c5907ff6f1c"
            ],
            "index": "pypi",
            "version": "==1.2.6"
        },
        "boto3": {
            "hashes": [
                "sha256:a2d5c0a007ff50b4a08f402925495e18e41e336d22767a2b4fa21913fa875b2f",
                "sha256:f303b0feaabbe98b36ab12be1c641799104c935c9e0c9315b6fe53a39d668d79"
            ],
            "index": "pypi",
            "version": "==1.7.14"
        },
        "botocore": {
            "hashes": [
                "sha256:2d83993e60ba56ca3ddb48a0d4da86c1cfa1f687993abe760eeb0059d10e52f6",
                "sha256:5e61efeb68688149fb8220f0bca6c8a89bc998dffb99673d0bf24cfe2f2e47a9"
            ],
            "index": "pypi",
            "version": "==1.10.14"
        },
        "certifi": {
            "hashes": [
                "sha256:4c1d68a1408dd090d2f3a869aa94c3947cc1d967821d1ed303208c9f41f0f2f4",
                "sha256:b6e8b28b2b7e771a41ecdd12d4d43262ecab52adebbafa42c77d6b57fb6ad3a4"
            ],
            "version": "==2018.8.13"
        },
        "chardet": {
            "hashes": [
                "sha256:84ab92ed1c4d4f16916e05906b6b75a6c0fb5db821cc65e70cbd64a3e2a5eaae",
                "sha256:fc323ffcaeaed0e0a02bf4d117757b98aed530d9ed4531e3e15460124c106691"
            ],
            "version": "==3.0.4"
        },
        "docker-py": {
            "hashes": [
                "sha256:35b506e95861914fa5ad57a6707e3217b4082843b883be246190f57013948aba",
                "sha256:4c2a75875764d38d67f87bc7d03f7443a3895704efc57962bdf6500b8d4bc415"
            ],
            "index": "pypi",
            "version": "==1.10.6"
        },
        "docker-pycreds": {
            "hashes": [
                "sha256:0a941b290764ea7286bd77f54c0ace43b86a8acd6eb9ead3de9840af52384079",
                "sha256:8b0e956c8d206f832b06aa93a710ba2c3bcbacb5a314449c040b0b814355bbff"
            ],
            "version": "==0.3.0"
        },
        "docutils": {
            "hashes": [
                "sha256:02aec4bd92ab067f6ff27a38a38a41173bf01bed8f89157768c1573f53e474a6",
                "sha256:51e64ef2ebfb29cae1faa133b3710143496eca21c530f3f71424d77687764274",
                "sha256:7a4bd47eaf6596e1295ecb11361139febe29b084a87bf005bf899f9a42edc3c6"
            ],
            "index": "pypi",
            "version": "==0.14"
        },
        "expects": {
            "hashes": [
                "sha256:37538d7b0fa9c0d53e37d07b0e8c07d89754d3deec1f0f8ed1be27f4f10363dd"
            ],
            "index": "pypi",
            "version": "==0.8.0"
        },
        "gitdb2": {
            "hashes": [
                "sha256:b60e29d4533e5e25bb50b7678bbc187c8f6bcff1344b4f293b2ba55c85795f09",
                "sha256:cf9a4b68e8c4da8d42e48728c944ff7af2d8c9db303ac1ab32eac37aa4194b0e"
            ],
            "index": "pypi",
            "version": "==2.0.3"
        },
        "gitpython": {
            "hashes": [
                "sha256:05069e26177c650b3cb945dd543a7ef7ca449f8db5b73038b465105673c1ef61",
                "sha256:c47cc31af6e88979c57a33962cbc30a7c25508d74a1b3a19ec5aa7ed64b03129"
            ],
            "index": "pypi",
            "version": "==2.1.9"
        },
        "idna": {
            "hashes": [
                "sha256:156a6814fb5ac1fc6850fb002e0852d56c0c8d2531923a51032d1b70760e186e",
                "sha256:684a38a6f903c1d71d6d5fac066b58d7768af4de2b832e426ec79c30daa94a16"
            ],
            "version": "==2.7"
        },
        "jmespath": {
            "hashes": [
                "sha256:6a81d4c9aa62caf061cb517b4d9ad1dd300374cd4706997aff9cd6aedd61fc64",
                "sha256:f11b4461f425740a1d908e9a3f7365c3d2e569f6ca68a2ff8bc5bcd9676edd63"
            ],
            "index": "pypi",
            "version": "==0.9.3"
        },
        "more-itertools": {
            "hashes": [
                "sha256:c187a73da93e7a8acc0001572aebc7e3c69daf7bf6881a2cea10650bd4420092",
                "sha256:c476b5d3a34e12d40130bc2f935028b5f636df8f372dc2c1c01dc19681b2039e",
                "sha256:fcbfeaea0be121980e15bc97b3817b5202ca73d0eae185b4550cbfce2a3ebb3d"
            ],
            "version": "==4.3.0"
        },
        "parse": {
            "hashes": [
                "sha256:c3cdf6206f22aeebfa00e5b954fcfea13d1b2dc271c75806b6025b94fb490939"
            ],
            "version": "==1.8.4"
        },
        "parse-type": {
            "hashes": [
                "sha256:6e906a66f340252e4c324914a60d417d33a4bea01292ea9bbf68b4fc123be8c9",
                "sha256:f596bdc75d3dd93036fbfe3d04127da9f6df0c26c36e01e76da85adef4336b3c"
            ],
            "version": "==0.4.2"
        },
        "pluggy": {
            "hashes": [
                "sha256:6e3836e39f4d36ae72840833db137f7b7d35105079aee6ec4a62d9f80d594dd1",
                "sha256:95eb8364a4708392bae89035f45341871286a333f749c3141c20573d2b3876e1"
            ],
            "version": "==0.7.1"
        },
        "py": {
            "hashes": [
                "sha256:3fd59af7435864e1a243790d322d763925431213b6b8529c6ca71081ace3bbf7",
                "sha256:e31fb2767eb657cbde86c454f02e99cb846d3cd9d61b318525140214fdc0e98e"
            ],
            "version": "==1.5.4"
        },
        "pytest": {
            "hashes": [
                "sha256:86a8dbf407e437351cef4dba46736e9c5a6e3c3ac71b2e942209748e76ff2086",
                "sha256:e74466e97ac14582a8188ff4c53e6cc3810315f342f6096899332ae864c1d432"
            ],
            "index": "pypi",
            "version": "==3.7.1"
        },
        "python-dateutil": {
            "hashes": [
                "sha256:3220490fb9741e2342e1cf29a503394fdac874bc39568288717ee67047ff29df",
                "sha256:9d8074be4c993fbe4947878ce593052f71dac82932a677d49194d8ce9778002e"
            ],
            "index": "pypi",
            "version": "==2.7.2"
        },
        "python-vagrant": {
            "hashes": [
                "sha256:af9a8a9802d382d45dbea96aa3cfbe77c6e6ad65b3fe7b7c799d41ab988179c6"
            ],
            "index": "pypi",
            "version": "==0.5.15"
        },
        "requests": {
            "hashes": [
                "sha256:63b52e3c866428a224f97cab011de738c36aec0185aa91cfacd418b5d58911d1",
                "sha256:ec22d826a36ed72a7358ff3fe56cbd4ba69dd7a6718ffd450ff0e9df7a47ce6a"
            ],
            "version": "==2.19.1"
        },
        "ruamel.yaml": {
            "hashes": [
                "sha256:039bb5b50a2f3b17c969ed1d381e050bca851e3c13fe8c2a9ad18f605ca111a5",
                "sha256:181699cc08b157ef8a59a77e96a01b5ffa150044ed4e49fd98428ab9ac0e6ed9",
                "sha256:1d46053cb7acf0cd6b375e34abfb94f2e97c39269c17eb8b0226fe8a470c4ced",
                "sha256:2d1df676ac75fb5e0af7b91f7718a4b4f469a5d8ac4150edecc61f063283bbee",
                "sha256:4b1929101d09612e0c7a42fbe06b0f929a4a89e1d14832353c1eb073580d3ba6",
                "sha256:509842d96fb194f79b57483b76429f8956d8f7ade3cb49d1e5aeb5c5e9ef4918",
                "sha256:656dcd3d30774ffe252e46db96f4cf24b284d42c904b93f9cbe6b234028f7d2e",
                "sha256:6932e1ad63c805a41665a94e5d7b70808e9e25943f72afba6d327fede2aeb43d",
                "sha256:759b485e8cda260bd87b7cdd2ad936a0ec359ee6154a9d856357446792b3faf5",
                "sha256:766ee90985c667f77bf34950b1d945624c263ecb82d859961f78effb3355c946",
                "sha256:7afefe5dab4381393a2aa7ccb585ffd6080d52e7cd05f1df3788e9d0e4dfcea9",
                "sha256:882cacb8af5f7009780da75041ef131d0ec80d9e0b81d3cf8d4b49a0a33fe6ef",
                "sha256:b6bc5f434d72a672dbe48471e70771789d5d93603716c9e36963fe1dc7a35718",
                "sha256:cea830caa479ae083f51ffdb55fe430a2763e853a7b06195f203db6d28bf5264",
                "sha256:dc051cd1fe541e321f6846bddba8e2c0de8ca409d51a6d9917c7b970d8d89a3d",
                "sha256:e4d53f6a0c21d8effc23371927e8569096d0364d7c703b2e6956c6281b6bde2c",
                "sha256:f5ef82b8efe378de6abb7042263d6f407b0760ad923ed477fa26007b1fa0e563"
            ],
            "index": "pypi",
            "version": "==0.15.37"
        },
        "s3transfer": {
            "hashes": [
                "sha256:90dc18e028989c609146e241ea153250be451e05ecc0c2832565231dacdf59c1",
                "sha256:c7a9ec356982d5e9ab2d4b46391a7d6a950e2b04c472419f5fdec70cc0ada72f"
            ],
            "index": "pypi",
            "version": "==0.1.13"
        },
        "six": {
            "hashes": [
                "sha256:70e8a77beed4562e7f14fe23a786b54f6296e34344c23bc42f07b15018ff98e9",
                "sha256:832dc0e10feb1aa2c68dcc57dbb658f1c7e65b9b61af69048abc87a2db00a0eb"
            ],
            "index": "pypi",
            "version": "==1.11.0"
        },
        "smmap2": {
            "hashes": [
                "sha256:b78ee0f1f5772d69ff50b1cbdb01b8c6647a8354f02f23b488cf4b2cfc923956",
                "sha256:c7530db63f15f09f8251094b22091298e82bf6c699a6b8344aaaef3f2e1276c3"
            ],
            "index": "pypi",
            "version": "==2.0.3"
        },
        "urllib3": {
            "hashes": [
                "sha256:a68ac5e15e76e7e5dd2b8f94007233e01effe3e50e8daddf69acfd81cb686baf",
                "sha256:b5725a0bd4ba422ab0e66e89e030c806576753ea3ee08554382c14e685d117b5"
            ],
            "version": "==1.23"
        },
        "websocket-client": {
            "hashes": [
                "sha256:728f405ba502e39fbd8a5903ca55161749ee77633caedc7b11222d83b344bb7c",
                "sha256:bf36b4b4726cab3bf93e842deef3c5bf12bd9c134e45e9a852c76140309f5ae2"
            ],
            "version": "==0.49.0"
        }
    },
    "develop": {}
}
